
Microsoft Visual Studio Solution File, Format Version 12.00
# Visual Studio Version 16
VisualStudioVersion = 16.0.30413.136
MinimumVisualStudioVersion = 10.0.40219.1
Project("{FAE04EC0-301F-11D3-BF4B-00C04F79EFBC}") = "Taki", "Taki\Taki.csproj", "{083CE335-292C-4550-AF48-DC95768C8D46}"
EndProject
Global
	GlobalSection(SolutionConfigurationPlatforms) = preSolution
		Debug|Any CPU = Debug|Any CPU
		Release|Any CPU = Release|Any CPU
	EndGlobalSection
	GlobalSection(ProjectConfigurationPlatforms) = postSolution
		{083CE335-292C-4550-AF48-DC95768C8D46}.Debug|Any CPU.ActiveCfg = Debug|Any CPU
		{083CE335-292C-4550-AF48-DC95768C8D46}.Debug|Any CPU.Build.0 = Debug|Any CPU
		{083CE335-292C-4550-AF48-DC95768C8D46}.Release|Any CPU.ActiveCfg = Release|Any CPU
		{083CE335-292C-4550-AF48-DC95768C8D46}.Release|Any CPU.Build.0 = Release|Any CPU
	EndGlobalSection
	GlobalSection(SolutionProperties) = preSolution
		HideSolutionNode = FALSE
	EndGlobalSection
	GlobalSection(ExtensibilityGlobals) = postSolution
		SolutionGuid = {69FBA019-B45A-4A07-8D89-4236842CE2F3}
	EndGlobalSection
EndGlobal
